
Microsoft Visual Studio Solution File, Format Version 12.00
# Visual Studio Version 16
VisualStudioVersion = 16.0.32413.511
MinimumVisualStudioVersion = 10.0.40219.1
Project("{FAE04EC0-301F-11D3-BF4B-00C04F79EFBC}") = "codebase2", "codebase2\codebase2.csproj", "{C2375BA0-E63A-4D08-AEFE-C83015D550BB}"
EndProject
Global
	GlobalSection(SolutionConfigurationPlatforms) = preSolution
		Debug|Any CPU = Debug|Any CPU
		Release|Any CPU = Release|Any CPU
	EndGlobalSection
	GlobalSection(ProjectConfigurationPlatforms) = postSolution
		{C2375BA0-E63A-4D08-AEFE-C83015D550BB}.Debug|Any CPU.ActiveCfg = Debug|Any CPU
		{C2375BA0-E63A-4D08-AEFE-C83015D550BB}.Debug|Any CPU.Build.0 = Debug|Any CPU
		{C2375BA0-E63A-4D08-AEFE-C83015D550BB}.Release|Any CPU.ActiveCfg = Release|Any CPU
		{C2375BA0-E63A-4D08-AEFE-C83015D550BB}.Release|Any CPU.Build.0 = Release|Any CPU
	EndGlobalSection
	GlobalSection(SolutionProperties) = preSolution
		HideSolutionNode = FALSE
	EndGlobalSection
	GlobalSection(ExtensibilityGlobals) = postSolution
		SolutionGuid = {7474951B-ABA2-4932-BA7E-BB09BE8E24EF}
	EndGlobalSection
EndGlobal
