
Microsoft Visual Studio Solution File, Format Version 12.00
# Visual Studio Version 17
VisualStudioVersion = 17.0.32126.317
MinimumVisualStudioVersion = 10.0.40219.1
Project("{FAE04EC0-301F-11D3-BF4B-00C04F79EFBC}") = "assingmentno6", "assingmentno6\assingmentno6.csproj", "{9D319EE7-D8FB-4785-BCE3-3EB2FA5B58EF}"
EndProject
Global
	GlobalSection(SolutionConfigurationPlatforms) = preSolution
		Debug|Any CPU = Debug|Any CPU
		Release|Any CPU = Release|Any CPU
	EndGlobalSection
	GlobalSection(ProjectConfigurationPlatforms) = postSolution
		{9D319EE7-D8FB-4785-BCE3-3EB2FA5B58EF}.Debug|Any CPU.ActiveCfg = Debug|Any CPU
		{9D319EE7-D8FB-4785-BCE3-3EB2FA5B58EF}.Debug|Any CPU.Build.0 = Debug|Any CPU
		{9D319EE7-D8FB-4785-BCE3-3EB2FA5B58EF}.Release|Any CPU.ActiveCfg = Release|Any CPU
		{9D319EE7-D8FB-4785-BCE3-3EB2FA5B58EF}.Release|Any CPU.Build.0 = Release|Any CPU
	EndGlobalSection
	GlobalSection(SolutionProperties) = preSolution
		HideSolutionNode = FALSE
	EndGlobalSection
	GlobalSection(ExtensibilityGlobals) = postSolution
		SolutionGuid = {41479EBA-347C-4134-8733-B5DB5D9306F3}
	EndGlobalSection
EndGlobal
