
Microsoft Visual Studio Solution File, Format Version 12.00
# Visual Studio Version 17
VisualStudioVersion = 17.0.32126.317
MinimumVisualStudioVersion = 10.0.40219.1
Project("{FAE04EC0-301F-11D3-BF4B-00C04F79EFBC}") = "assignmentno6", "assignmentno6\assignmentno6.csproj", "{3F2472D9-55F6-48D8-840C-EB981F0CD7D1}"
EndProject
Global
	GlobalSection(SolutionConfigurationPlatforms) = preSolution
		Debug|Any CPU = Debug|Any CPU
		Release|Any CPU = Release|Any CPU
	EndGlobalSection
	GlobalSection(ProjectConfigurationPlatforms) = postSolution
		{3F2472D9-55F6-48D8-840C-EB981F0CD7D1}.Debug|Any CPU.ActiveCfg = Debug|Any CPU
		{3F2472D9-55F6-48D8-840C-EB981F0CD7D1}.Debug|Any CPU.Build.0 = Debug|Any CPU
		{3F2472D9-55F6-48D8-840C-EB981F0CD7D1}.Release|Any CPU.ActiveCfg = Release|Any CPU
		{3F2472D9-55F6-48D8-840C-EB981F0CD7D1}.Release|Any CPU.Build.0 = Release|Any CPU
	EndGlobalSection
	GlobalSection(SolutionProperties) = preSolution
		HideSolutionNode = FALSE
	EndGlobalSection
	GlobalSection(ExtensibilityGlobals) = postSolution
		SolutionGuid = {F293123A-BAAD-4554-8680-5F38C0F13D9A}
	EndGlobalSection
EndGlobal
