
Microsoft Visual Studio Solution File, Format Version 12.00
# Visual Studio Version 17
VisualStudioVersion = 17.0.32126.317
MinimumVisualStudioVersion = 10.0.40219.1
Project("{FAE04EC0-301F-11D3-BF4B-00C04F79EFBC}") = "Csharp_assignamentNo2", "Csharp_assignamentNo2\Csharp_assignamentNo2.csproj", "{C13B5FBA-8223-4214-823F-2232B816DBA6}"
EndProject
Global
	GlobalSection(SolutionConfigurationPlatforms) = preSolution
		Debug|Any CPU = Debug|Any CPU
		Release|Any CPU = Release|Any CPU
	EndGlobalSection
	GlobalSection(ProjectConfigurationPlatforms) = postSolution
		{C13B5FBA-8223-4214-823F-2232B816DBA6}.Debug|Any CPU.ActiveCfg = Debug|Any CPU
		{C13B5FBA-8223-4214-823F-2232B816DBA6}.Debug|Any CPU.Build.0 = Debug|Any CPU
		{C13B5FBA-8223-4214-823F-2232B816DBA6}.Release|Any CPU.ActiveCfg = Release|Any CPU
		{C13B5FBA-8223-4214-823F-2232B816DBA6}.Release|Any CPU.Build.0 = Release|Any CPU
	EndGlobalSection
	GlobalSection(SolutionProperties) = preSolution
		HideSolutionNode = FALSE
	EndGlobalSection
	GlobalSection(ExtensibilityGlobals) = postSolution
		SolutionGuid = {B1FB3770-AFFA-4393-B27A-6758CB4431EC}
	EndGlobalSection
EndGlobal
